// !$*UTF8*$!
{
	archiveVersion = 1;
	classes = {
	};
	objectVersion = 56;
	objects = {

/* Begin PBXBuildFile section */
		D6085A842CDBFBCB00780372 /* CarouselItemView.swift in Sources */ = {isa = PBXBuildFile; fileRef = D6085A832CDBFBCB00780372 /* CarouselItemView.swift */; };
		D6085A862CDBFD5000780372 /* CarouselItemViewModel.swift in Sources */ = {isa = PBXBuildFile; fileRef = D6085A852CDBFD4B00780372 /* CarouselItemViewModel.swift */; };
		D60B9C992CCEE80A0081EA71 /* APIHost.swift in Sources */ = {isa = PBXBuildFile; fileRef = D60B9C982CCEE80A0081EA71 /* APIHost.swift */; };
		D60B9C9B2CCEEBA10081EA71 /* APITarget.swift in Sources */ = {isa = PBXBuildFile; fileRef = D60B9C9A2CCEEBA10081EA71 /* APITarget.swift */; };
		D60B9CA62CCEF03C0081EA71 /* MovieRoutes.swift in Sources */ = {isa = PBXBuildFile; fileRef = D60B9CA52CCEF03C0081EA71 /* MovieRoutes.swift */; };
		D60B9CA82CCEF2190081EA71 /* Movie.swift in Sources */ = {isa = PBXBuildFile; fileRef = D60B9CA72CCEF2190081EA71 /* Movie.swift */; };
		D60B9CAB2CCEF4290081EA71 /* MoviesRepository.swift in Sources */ = {isa = PBXBuildFile; fileRef = D60B9CAA2CCEF4290081EA71 /* MoviesRepository.swift */; };
		D60FC29C2C5C648C002C97BE /* MoviesApp.swift in Sources */ = {isa = PBXBuildFile; fileRef = D60FC29B2C5C648C002C97BE /* MoviesApp.swift */; };
		D60FC29E2C5C648C002C97BE /* HomeView.swift in Sources */ = {isa = PBXBuildFile; fileRef = D60FC29D2C5C648C002C97BE /* HomeView.swift */; };
		D60FC2A02C5C648E002C97BE /* Assets.xcassets in Resources */ = {isa = PBXBuildFile; fileRef = D60FC29F2C5C648E002C97BE /* Assets.xcassets */; };
		D60FC2A32C5C648E002C97BE /* Preview Assets.xcassets in Resources */ = {isa = PBXBuildFile; fileRef = D60FC2A22C5C648E002C97BE /* Preview Assets.xcassets */; };
		D60FC2AC2C5C6563002C97BE /* HomeViewModel.swift in Sources */ = {isa = PBXBuildFile; fileRef = D60FC2AB2C5C6563002C97BE /* HomeViewModel.swift */; };
		D60FC2AF2C5C686F002C97BE /* HomeFactory.swift in Sources */ = {isa = PBXBuildFile; fileRef = D60FC2AE2C5C686F002C97BE /* HomeFactory.swift */; };
		D634E1D12CD52B33009F0F7E /* MovieDetailsFactory.swift in Sources */ = {isa = PBXBuildFile; fileRef = D634E1D02CD52B33009F0F7E /* MovieDetailsFactory.swift */; };
		D634E1D32CD52BAF009F0F7E /* MovieDetailsView.swift in Sources */ = {isa = PBXBuildFile; fileRef = D634E1D22CD52BAF009F0F7E /* MovieDetailsView.swift */; };
		D63A18BD2CDD5E4C007A40B8 /* MovieDetailsViewModel.swift in Sources */ = {isa = PBXBuildFile; fileRef = D63A18BC2CDD5E4C007A40B8 /* MovieDetailsViewModel.swift */; };
		D6CB04712CDE8C2B009BCF4C /* Genre.swift in Sources */ = {isa = PBXBuildFile; fileRef = D6CB04702CDE8C2A009BCF4C /* Genre.swift */; };
		D6FEC7BC2CE18030008560B4 /* DetailBadgeView.swift in Sources */ = {isa = PBXBuildFile; fileRef = D6FEC7BB2CE18025008560B4 /* DetailBadgeView.swift */; };
		D6FEC7C32CE23352008560B4 /* DefaultColoredBackground.swift in Sources */ = {isa = PBXBuildFile; fileRef = D6FEC7C22CE23344008560B4 /* DefaultColoredBackground.swift */; };
		D6FF1BA92CCEFB8100778CF5 /* APIProvider.swift in Sources */ = {isa = PBXBuildFile; fileRef = D6FF1BA82CCEFB8100778CF5 /* APIProvider.swift */; };
		D6FF1BAC2CCEFC8700778CF5 /* Moya in Frameworks */ = {isa = PBXBuildFile; productRef = D6FF1BAB2CCEFC8700778CF5 /* Moya */; };
		D6FF1BB12CCEFFFF00778CF5 /* MoviesSectionView.swift in Sources */ = {isa = PBXBuildFile; fileRef = D6FF1BB02CCEFFFF00778CF5 /* MoviesSectionView.swift */; };
		D6FF1BB62CCF21A700778CF5 /* MovieItemView.swift in Sources */ = {isa = PBXBuildFile; fileRef = D6FF1BB52CCF21A700778CF5 /* MovieItemView.swift */; };
		D6FF1BB82CCF21B300778CF5 /* MovieItemViewModel.swift in Sources */ = {isa = PBXBuildFile; fileRef = D6FF1BB72CCF21B300778CF5 /* MovieItemViewModel.swift */; };
/* End PBXBuildFile section */

/* Begin PBXFileReference section */
		D6085A832CDBFBCB00780372 /* CarouselItemView.swift */ = {isa = PBXFileReference; lastKnownFileType = sourcecode.swift; path = CarouselItemView.swift; sourceTree = "<group>"; };
		D6085A852CDBFD4B00780372 /* CarouselItemViewModel.swift */ = {isa = PBXFileReference; lastKnownFileType = sourcecode.swift; path = CarouselItemViewModel.swift; sourceTree = "<group>"; };
		D60B9C982CCEE80A0081EA71 /* APIHost.swift */ = {isa = PBXFileReference; lastKnownFileType = sourcecode.swift; path = APIHost.swift; sourceTree = "<group>"; };
		D60B9C9A2CCEEBA10081EA71 /* APITarget.swift */ = {isa = PBXFileReference; lastKnownFileType = sourcecode.swift; path = APITarget.swift; sourceTree = "<group>"; };
		D60B9CA52CCEF03C0081EA71 /* MovieRoutes.swift */ = {isa = PBXFileReference; lastKnownFileType = sourcecode.swift; path = MovieRoutes.swift; sourceTree = "<group>"; };
		D60B9CA72CCEF2190081EA71 /* Movie.swift */ = {isa = PBXFileReference; lastKnownFileType = sourcecode.swift; path = Movie.swift; sourceTree = "<group>"; };
		D60B9CAA2CCEF4290081EA71 /* MoviesRepository.swift */ = {isa = PBXFileReference; lastKnownFileType = sourcecode.swift; path = MoviesRepository.swift; sourceTree = "<group>"; };
		D60FC2982C5C648C002C97BE /* Movies.app */ = {isa = PBXFileReference; explicitFileType = wrapper.application; includeInIndex = 0; path = Movies.app; sourceTree = BUILT_PRODUCTS_DIR; };
		D60FC29B2C5C648C002C97BE /* MoviesApp.swift */ = {isa = PBXFileReference; lastKnownFileType = sourcecode.swift; path = MoviesApp.swift; sourceTree = "<group>"; };
		D60FC29D2C5C648C002C97BE /* HomeView.swift */ = {isa = PBXFileReference; lastKnownFileType = sourcecode.swift; path = HomeView.swift; sourceTree = "<group>"; };
		D60FC29F2C5C648E002C97BE /* Assets.xcassets */ = {isa = PBXFileReference; lastKnownFileType = folder.assetcatalog; path = Assets.xcassets; sourceTree = "<group>"; };
		D60FC2A22C5C648E002C97BE /* Preview Assets.xcassets */ = {isa = PBXFileReference; lastKnownFileType = folder.assetcatalog; path = "Preview Assets.xcassets"; sourceTree = "<group>"; };
		D60FC2AB2C5C6563002C97BE /* HomeViewModel.swift */ = {isa = PBXFileReference; lastKnownFileType = sourcecode.swift; path = HomeViewModel.swift; sourceTree = "<group>"; };
		D60FC2AE2C5C686F002C97BE /* HomeFactory.swift */ = {isa = PBXFileReference; lastKnownFileType = sourcecode.swift; path = HomeFactory.swift; sourceTree = "<group>"; };
		D634E1D02CD52B33009F0F7E /* MovieDetailsFactory.swift */ = {isa = PBXFileReference; lastKnownFileType = sourcecode.swift; path = MovieDetailsFactory.swift; sourceTree = "<group>"; };
		D634E1D22CD52BAF009F0F7E /* MovieDetailsView.swift */ = {isa = PBXFileReference; lastKnownFileType = sourcecode.swift; path = MovieDetailsView.swift; sourceTree = "<group>"; };
		D63A18BC2CDD5E4C007A40B8 /* MovieDetailsViewModel.swift */ = {isa = PBXFileReference; lastKnownFileType = sourcecode.swift; path = MovieDetailsViewModel.swift; sourceTree = "<group>"; };
		D6CB04702CDE8C2A009BCF4C /* Genre.swift */ = {isa = PBXFileReference; lastKnownFileType = sourcecode.swift; path = Genre.swift; sourceTree = "<group>"; };
		D6FEC7BB2CE18025008560B4 /* DetailBadgeView.swift */ = {isa = PBXFileReference; lastKnownFileType = sourcecode.swift; path = DetailBadgeView.swift; sourceTree = "<group>"; };
		D6FEC7C22CE23344008560B4 /* DefaultColoredBackground.swift */ = {isa = PBXFileReference; lastKnownFileType = sourcecode.swift; path = DefaultColoredBackground.swift; sourceTree = "<group>"; };
		D6FF1BA82CCEFB8100778CF5 /* APIProvider.swift */ = {isa = PBXFileReference; lastKnownFileType = sourcecode.swift; path = APIProvider.swift; sourceTree = "<group>"; };
		D6FF1BB02CCEFFFF00778CF5 /* MoviesSectionView.swift */ = {isa = PBXFileReference; lastKnownFileType = sourcecode.swift; path = MoviesSectionView.swift; sourceTree = "<group>"; };
		D6FF1BB52CCF21A700778CF5 /* MovieItemView.swift */ = {isa = PBXFileReference; lastKnownFileType = sourcecode.swift; path = MovieItemView.swift; sourceTree = "<group>"; };
		D6FF1BB72CCF21B300778CF5 /* MovieItemViewModel.swift */ = {isa = PBXFileReference; lastKnownFileType = sourcecode.swift; path = MovieItemViewModel.swift; sourceTree = "<group>"; };
/* End PBXFileReference section */

/* Begin PBXFrameworksBuildPhase section */
		D60FC2952C5C648C002C97BE /* Frameworks */ = {
			isa = PBXFrameworksBuildPhase;
			buildActionMask = 2147483647;
			files = (
				D6FF1BAC2CCEFC8700778CF5 /* Moya in Frameworks */,
			);
			runOnlyForDeploymentPostprocessing = 0;
		};
/* End PBXFrameworksBuildPhase section */

/* Begin PBXGroup section */
		D6085A822CDBFBA500780372 /* CarouselItem */ = {
			isa = PBXGroup;
			children = (
				D6085A852CDBFD4B00780372 /* CarouselItemViewModel.swift */,
				D6085A832CDBFBCB00780372 /* CarouselItemView.swift */,
			);
			path = CarouselItem;
			sourceTree = "<group>";
		};
		D60B9CA12CCEEFD50081EA71 /* Models */ = {
			isa = PBXGroup;
			children = (
				D6CB04702CDE8C2A009BCF4C /* Genre.swift */,
				D60B9CA72CCEF2190081EA71 /* Movie.swift */,
			);
			path = Models;
			sourceTree = "<group>";
		};
		D60B9CA22CCEEFE40081EA71 /* API */ = {
			isa = PBXGroup;
			children = (
				D60B9CA92CCEF4190081EA71 /* Repositories */,
				D60B9CA42CCEF0060081EA71 /* Routes */,
				D60B9CA32CCEEFF80081EA71 /* Setup */,
			);
			path = API;
			sourceTree = "<group>";
		};
		D60B9CA32CCEEFF80081EA71 /* Setup */ = {
			isa = PBXGroup;
			children = (
				D60B9C982CCEE80A0081EA71 /* APIHost.swift */,
				D60B9C9A2CCEEBA10081EA71 /* APITarget.swift */,
				D6FF1BA82CCEFB8100778CF5 /* APIProvider.swift */,
			);
			path = Setup;
			sourceTree = "<group>";
		};
		D60B9CA42CCEF0060081EA71 /* Routes */ = {
			isa = PBXGroup;
			children = (
				D60B9CA52CCEF03C0081EA71 /* MovieRoutes.swift */,
			);
			path = Routes;
			sourceTree = "<group>";
		};
		D60B9CA92CCEF4190081EA71 /* Repositories */ = {
			isa = PBXGroup;
			children = (
				D60B9CAA2CCEF4290081EA71 /* MoviesRepository.swift */,
			);
			path = Repositories;
			sourceTree = "<group>";
		};
		D60FC28F2C5C648C002C97BE = {
			isa = PBXGroup;
			children = (
				D60FC29A2C5C648C002C97BE /* Movies */,
				D6FF1BAA2CCEFC8700778CF5 /* Frameworks */,
				D60FC2992C5C648C002C97BE /* Products */,
			);
			sourceTree = "<group>";
		};
		D60FC2992C5C648C002C97BE /* Products */ = {
			isa = PBXGroup;
			children = (
				D60FC2982C5C648C002C97BE /* Movies.app */,
			);
			name = Products;
			sourceTree = "<group>";
		};
		D60FC29A2C5C648C002C97BE /* Movies */ = {
			isa = PBXGroup;
			children = (
				D60B9CA22CCEEFE40081EA71 /* API */,
				D60FC2A92C5C651A002C97BE /* Features */,
				D60B9CA12CCEEFD50081EA71 /* Models */,
				D60FC29B2C5C648C002C97BE /* MoviesApp.swift */,
				D6FEC7C42CE24673008560B4 /* Support */,
				D60FC29F2C5C648E002C97BE /* Assets.xcassets */,
				D60FC2A12C5C648E002C97BE /* Preview Content */,
			);
			path = Movies;
			sourceTree = "<group>";
		};
		D60FC2A12C5C648E002C97BE /* Preview Content */ = {
			isa = PBXGroup;
			children = (
				D60FC2A22C5C648E002C97BE /* Preview Assets.xcassets */,
			);
			path = "Preview Content";
			sourceTree = "<group>";
		};
		D60FC2A92C5C651A002C97BE /* Features */ = {
			isa = PBXGroup;
			children = (
				D634E1CE2CD52ADF009F0F7E /* MovieDetails */,
				D60FC2AA2C5C6525002C97BE /* Home */,
			);
			path = Features;
			sourceTree = "<group>";
		};
		D60FC2AA2C5C6525002C97BE /* Home */ = {
			isa = PBXGroup;
			children = (
				D60FC2AD2C5C6863002C97BE /* DI */,
				D6FF1BAD2CCEFFDE00778CF5 /* Components */,
				D60FC29D2C5C648C002C97BE /* HomeView.swift */,
				D60FC2AB2C5C6563002C97BE /* HomeViewModel.swift */,
			);
			path = Home;
			sourceTree = "<group>";
		};
		D60FC2AD2C5C6863002C97BE /* DI */ = {
			isa = PBXGroup;
			children = (
				D60FC2AE2C5C686F002C97BE /* HomeFactory.swift */,
			);
			path = DI;
			sourceTree = "<group>";
		};
		D634E1CE2CD52ADF009F0F7E /* MovieDetails */ = {
			isa = PBXGroup;
			children = (
				D6FEC7B92CE17FC1008560B4 /* Components */,
				D634E1CF2CD52B1D009F0F7E /* DI */,
				D634E1D22CD52BAF009F0F7E /* MovieDetailsView.swift */,
				D63A18BC2CDD5E4C007A40B8 /* MovieDetailsViewModel.swift */,
			);
			path = MovieDetails;
			sourceTree = "<group>";
		};
		D634E1CF2CD52B1D009F0F7E /* DI */ = {
			isa = PBXGroup;
			children = (
				D634E1D02CD52B33009F0F7E /* MovieDetailsFactory.swift */,
			);
			path = DI;
			sourceTree = "<group>";
		};
		D6FEC7B92CE17FC1008560B4 /* Components */ = {
			isa = PBXGroup;
			children = (
				D6FEC7BB2CE18025008560B4 /* DetailBadgeView.swift */,
			);
			path = Components;
			sourceTree = "<group>";
		};
		D6FEC7C12CE23318008560B4 /* Components */ = {
			isa = PBXGroup;
			children = (
				D6FF1BB42CCF219300778CF5 /* MovieItem */,
				D6FEC7C22CE23344008560B4 /* DefaultColoredBackground.swift */,
				D6FF1BB02CCEFFFF00778CF5 /* MoviesSectionView.swift */,
			);
			path = Components;
			sourceTree = "<group>";
		};
		D6FEC7C42CE24673008560B4 /* Support */ = {
			isa = PBXGroup;
			children = (
				D6FEC7C12CE23318008560B4 /* Components */,
			);
			path = Support;
			sourceTree = "<group>";
		};
		D6FF1BAA2CCEFC8700778CF5 /* Frameworks */ = {
			isa = PBXGroup;
			children = (
			);
			name = Frameworks;
			sourceTree = "<group>";
		};
		D6FF1BAD2CCEFFDE00778CF5 /* Components */ = {
			isa = PBXGroup;
			children = (
				D6085A822CDBFBA500780372 /* CarouselItem */,
			);
			path = Components;
			sourceTree = "<group>";
		};
		D6FF1BB42CCF219300778CF5 /* MovieItem */ = {
			isa = PBXGroup;
			children = (
				D6FF1BB52CCF21A700778CF5 /* MovieItemView.swift */,
				D6FF1BB72CCF21B300778CF5 /* MovieItemViewModel.swift */,
			);
			path = MovieItem;
			sourceTree = "<group>";
		};
/* End PBXGroup section */

/* Begin PBXNativeTarget section */
		D60FC2972C5C648C002C97BE /* Movies */ = {
			isa = PBXNativeTarget;
			buildConfigurationList = D60FC2A62C5C648E002C97BE /* Build configuration list for PBXNativeTarget "Movies" */;
			buildPhases = (
				D60FC2942C5C648C002C97BE /* Sources */,
				D60FC2952C5C648C002C97BE /* Frameworks */,
				D60FC2962C5C648C002C97BE /* Resources */,
			);
			buildRules = (
			);
			dependencies = (
			);
			name = Movies;
			productName = Movies;
			productReference = D60FC2982C5C648C002C97BE /* Movies.app */;
			productType = "com.apple.product-type.application";
		};
/* End PBXNativeTarget section */

/* Begin PBXProject section */
		D60FC2902C5C648C002C97BE /* Project object */ = {
			isa = PBXProject;
			attributes = {
				BuildIndependentTargetsInParallel = 1;
				LastSwiftUpdateCheck = 1540;
				LastUpgradeCheck = 1540;
				TargetAttributes = {
					D60FC2972C5C648C002C97BE = {
						CreatedOnToolsVersion = 15.4;
					};
				};
			};
			buildConfigurationList = D60FC2932C5C648C002C97BE /* Build configuration list for PBXProject "Movies" */;
			compatibilityVersion = "Xcode 14.0";
			developmentRegion = en;
			hasScannedForEncodings = 0;
			knownRegions = (
				en,
				Base,
			);
			mainGroup = D60FC28F2C5C648C002C97BE;
			packageReferences = (
				D6FF1BA72CCEFB5600778CF5 /* XCRemoteSwiftPackageReference "Moya" */,
			);
			productRefGroup = D60FC2992C5C648C002C97BE /* Products */;
			projectDirPath = "";
			projectRoot = "";
			targets = (
				D60FC2972C5C648C002C97BE /* Movies */,
			);
		};
/* End PBXProject section */

/* Begin PBXResourcesBuildPhase section */
		D60FC2962C5C648C002C97BE /* Resources */ = {
			isa = PBXResourcesBuildPhase;
			buildActionMask = 2147483647;
			files = (
				D60FC2A32C5C648E002C97BE /* Preview Assets.xcassets in Resources */,
				D60FC2A02C5C648E002C97BE /* Assets.xcassets in Resources */,
			);
			runOnlyForDeploymentPostprocessing = 0;
		};
/* End PBXResourcesBuildPhase section */

/* Begin PBXSourcesBuildPhase section */
		D60FC2942C5C648C002C97BE /* Sources */ = {
			isa = PBXSourcesBuildPhase;
			buildActionMask = 2147483647;
			files = (
				D6FF1BB62CCF21A700778CF5 /* MovieItemView.swift in Sources */,
				D6FF1BB12CCEFFFF00778CF5 /* MoviesSectionView.swift in Sources */,
				D6FEC7C32CE23352008560B4 /* DefaultColoredBackground.swift in Sources */,
				D6085A862CDBFD5000780372 /* CarouselItemViewModel.swift in Sources */,
				D60FC29E2C5C648C002C97BE /* HomeView.swift in Sources */,
				D60B9C992CCEE80A0081EA71 /* APIHost.swift in Sources */,
				D6FEC7BC2CE18030008560B4 /* DetailBadgeView.swift in Sources */,
				D634E1D12CD52B33009F0F7E /* MovieDetailsFactory.swift in Sources */,
				D6085A842CDBFBCB00780372 /* CarouselItemView.swift in Sources */,
				D6CB04712CDE8C2B009BCF4C /* Genre.swift in Sources */,
				D60B9CA82CCEF2190081EA71 /* Movie.swift in Sources */,
				D63A18BD2CDD5E4C007A40B8 /* MovieDetailsViewModel.swift in Sources */,
				D6FF1BB82CCF21B300778CF5 /* MovieItemViewModel.swift in Sources */,
				D60FC2AF2C5C686F002C97BE /* HomeFactory.swift in Sources */,
				D60FC2AC2C5C6563002C97BE /* HomeViewModel.swift in Sources */,
				D634E1D32CD52BAF009F0F7E /* MovieDetailsView.swift in Sources */,
				D60B9CAB2CCEF4290081EA71 /* MoviesRepository.swift in Sources */,
				D60FC29C2C5C648C002C97BE /* MoviesApp.swift in Sources */,
				D6FF1BA92CCEFB8100778CF5 /* APIProvider.swift in Sources */,
				D60B9CA62CCEF03C0081EA71 /* MovieRoutes.swift in Sources */,
				D60B9C9B2CCEEBA10081EA71 /* APITarget.swift in Sources */,
			);
			runOnlyForDeploymentPostprocessing = 0;
		};
/* End PBXSourcesBuildPhase section */

/* Begin XCBuildConfiguration section */
		D60FC2A42C5C648E002C97BE /* Debug */ = {
			isa = XCBuildConfiguration;
			buildSettings = {
				ALWAYS_SEARCH_USER_PATHS = NO;
				ASSETCATALOG_COMPILER_GENERATE_SWIFT_ASSET_SYMBOL_EXTENSIONS = YES;
				CLANG_ANALYZER_NONNULL = YES;
				CLANG_ANALYZER_NUMBER_OBJECT_CONVERSION = YES_AGGRESSIVE;
				CLANG_CXX_LANGUAGE_STANDARD = "gnu++20";
				CLANG_ENABLE_MODULES = YES;
				CLANG_ENABLE_OBJC_ARC = YES;
				CLANG_ENABLE_OBJC_WEAK = YES;
				CLANG_WARN_BLOCK_CAPTURE_AUTORELEASING = YES;
				CLANG_WARN_BOOL_CONVERSION = YES;
				CLANG_WARN_COMMA = YES;
				CLANG_WARN_CONSTANT_CONVERSION = YES;
				CLANG_WARN_DEPRECATED_OBJC_IMPLEMENTATIONS = YES;
				CLANG_WARN_DIRECT_OBJC_ISA_USAGE = YES_ERROR;
				CLANG_WARN_DOCUMENTATION_COMMENTS = YES;
				CLANG_WARN_EMPTY_BODY = YES;
				CLANG_WARN_ENUM_CONVERSION = YES;
				CLANG_WARN_INFINITE_RECURSION = YES;
				CLANG_WARN_INT_CONVERSION = YES;
				CLANG_WARN_NON_LITERAL_NULL_CONVERSION = YES;
				CLANG_WARN_OBJC_IMPLICIT_RETAIN_SELF = YES;
				CLANG_WARN_OBJC_LITERAL_CONVERSION = YES;
				CLANG_WARN_OBJC_ROOT_CLASS = YES_ERROR;
				CLANG_WARN_QUOTED_INCLUDE_IN_FRAMEWORK_HEADER = YES;
				CLANG_WARN_RANGE_LOOP_ANALYSIS = YES;
				CLANG_WARN_STRICT_PROTOTYPES = YES;
				CLANG_WARN_SUSPICIOUS_MOVE = YES;
				CLANG_WARN_UNGUARDED_AVAILABILITY = YES_AGGRESSIVE;
				CLANG_WARN_UNREACHABLE_CODE = YES;
				CLANG_WARN__DUPLICATE_METHOD_MATCH = YES;
				COPY_PHASE_STRIP = NO;
				DEBUG_INFORMATION_FORMAT = dwarf;
				ENABLE_STRICT_OBJC_MSGSEND = YES;
				ENABLE_TESTABILITY = YES;
				ENABLE_USER_SCRIPT_SANDBOXING = YES;
				GCC_C_LANGUAGE_STANDARD = gnu17;
				GCC_DYNAMIC_NO_PIC = NO;
				GCC_NO_COMMON_BLOCKS = YES;
				GCC_OPTIMIZATION_LEVEL = 0;
				GCC_PREPROCESSOR_DEFINITIONS = (
					"DEBUG=1",
					"$(inherited)",
				);
				GCC_WARN_64_TO_32_BIT_CONVERSION = YES;
				GCC_WARN_ABOUT_RETURN_TYPE = YES_ERROR;
				GCC_WARN_UNDECLARED_SELECTOR = YES;
				GCC_WARN_UNINITIALIZED_AUTOS = YES_AGGRESSIVE;
				GCC_WARN_UNUSED_FUNCTION = YES;
				GCC_WARN_UNUSED_VARIABLE = YES;
				IPHONEOS_DEPLOYMENT_TARGET = 17.5;
				LOCALIZATION_PREFERS_STRING_CATALOGS = YES;
				MTL_ENABLE_DEBUG_INFO = INCLUDE_SOURCE;
				MTL_FAST_MATH = YES;
				ONLY_ACTIVE_ARCH = YES;
				SDKROOT = iphoneos;
				SWIFT_ACTIVE_COMPILATION_CONDITIONS = "DEBUG $(inherited)";
				SWIFT_OPTIMIZATION_LEVEL = "-Onone";
			};
			name = Debug;
		};
		D60FC2A52C5C648E002C97BE /* Release */ = {
			isa = XCBuildConfiguration;
			buildSettings = {
				ALWAYS_SEARCH_USER_PATHS = NO;
				ASSETCATALOG_COMPILER_GENERATE_SWIFT_ASSET_SYMBOL_EXTENSIONS = YES;
				CLANG_ANALYZER_NONNULL = YES;
				CLANG_ANALYZER_NUMBER_OBJECT_CONVERSION = YES_AGGRESSIVE;
				CLANG_CXX_LANGUAGE_STANDARD = "gnu++20";
				CLANG_ENABLE_MODULES = YES;
				CLANG_ENABLE_OBJC_ARC = YES;
				CLANG_ENABLE_OBJC_WEAK = YES;
				CLANG_WARN_BLOCK_CAPTURE_AUTORELEASING = YES;
				CLANG_WARN_BOOL_CONVERSION = YES;
				CLANG_WARN_COMMA = YES;
				CLANG_WARN_CONSTANT_CONVERSION = YES;
				CLANG_WARN_DEPRECATED_OBJC_IMPLEMENTATIONS = YES;
				CLANG_WARN_DIRECT_OBJC_ISA_USAGE = YES_ERROR;
				CLANG_WARN_DOCUMENTATION_COMMENTS = YES;
				CLANG_WARN_EMPTY_BODY = YES;
				CLANG_WARN_ENUM_CONVERSION = YES;
				CLANG_WARN_INFINITE_RECURSION = YES;
				CLANG_WARN_INT_CONVERSION = YES;
				CLANG_WARN_NON_LITERAL_NULL_CONVERSION = YES;
				CLANG_WARN_OBJC_IMPLICIT_RETAIN_SELF = YES;
				CLANG_WARN_OBJC_LITERAL_CONVERSION = YES;
				CLANG_WARN_OBJC_ROOT_CLASS = YES_ERROR;
				CLANG_WARN_QUOTED_INCLUDE_IN_FRAMEWORK_HEADER = YES;
				CLANG_WARN_RANGE_LOOP_ANALYSIS = YES;
				CLANG_WARN_STRICT_PROTOTYPES = YES;
				CLANG_WARN_SUSPICIOUS_MOVE = YES;
				CLANG_WARN_UNGUARDED_AVAILABILITY = YES_AGGRESSIVE;
				CLANG_WARN_UNREACHABLE_CODE = YES;
				CLANG_WARN__DUPLICATE_METHOD_MATCH = YES;
				COPY_PHASE_STRIP = NO;
				DEBUG_INFORMATION_FORMAT = "dwarf-with-dsym";
				ENABLE_NS_ASSERTIONS = NO;
				ENABLE_STRICT_OBJC_MSGSEND = YES;
				ENABLE_USER_SCRIPT_SANDBOXING = YES;
				GCC_C_LANGUAGE_STANDARD = gnu17;
				GCC_NO_COMMON_BLOCKS = YES;
				GCC_WARN_64_TO_32_BIT_CONVERSION = YES;
				GCC_WARN_ABOUT_RETURN_TYPE = YES_ERROR;
				GCC_WARN_UNDECLARED_SELECTOR = YES;
				GCC_WARN_UNINITIALIZED_AUTOS = YES_AGGRESSIVE;
				GCC_WARN_UNUSED_FUNCTION = YES;
				GCC_WARN_UNUSED_VARIABLE = YES;
				IPHONEOS_DEPLOYMENT_TARGET = 17.5;
				LOCALIZATION_PREFERS_STRING_CATALOGS = YES;
				MTL_ENABLE_DEBUG_INFO = NO;
				MTL_FAST_MATH = YES;
				SDKROOT = iphoneos;
				SWIFT_COMPILATION_MODE = wholemodule;
				VALIDATE_PRODUCT = YES;
			};
			name = Release;
		};
		D60FC2A72C5C648E002C97BE /* Debug */ = {
			isa = XCBuildConfiguration;
			buildSettings = {
				ASSETCATALOG_COMPILER_APPICON_NAME = AppIcon;
				ASSETCATALOG_COMPILER_GLOBAL_ACCENT_COLOR_NAME = AccentColor;
				CODE_SIGN_STYLE = Automatic;
				CURRENT_PROJECT_VERSION = 1;
				DEVELOPMENT_ASSET_PATHS = "\"Movies/Preview Content\"";
				ENABLE_PREVIEWS = YES;
				GENERATE_INFOPLIST_FILE = YES;
				INFOPLIST_KEY_UIApplicationSceneManifest_Generation = YES;
				INFOPLIST_KEY_UIApplicationSupportsIndirectInputEvents = YES;
				INFOPLIST_KEY_UILaunchScreen_Generation = YES;
				INFOPLIST_KEY_UISupportedInterfaceOrientations_iPad = "UIInterfaceOrientationPortrait UIInterfaceOrientationPortraitUpsideDown UIInterfaceOrientationLandscapeLeft UIInterfaceOrientationLandscapeRight";
				INFOPLIST_KEY_UISupportedInterfaceOrientations_iPhone = "UIInterfaceOrientationPortrait UIInterfaceOrientationLandscapeLeft UIInterfaceOrientationLandscapeRight";
				LD_RUNPATH_SEARCH_PATHS = (
					"$(inherited)",
					"@executable_path/Frameworks",
				);
				MARKETING_VERSION = 1.0;
				PRODUCT_BUNDLE_IDENTIFIER = com.rodrigogaleano.Movies;
				PRODUCT_NAME = "$(TARGET_NAME)";
				SWIFT_EMIT_LOC_STRINGS = YES;
				SWIFT_VERSION = 5.0;
				TARGETED_DEVICE_FAMILY = "1,2";
			};
			name = Debug;
		};
		D60FC2A82C5C648E002C97BE /* Release */ = {
			isa = XCBuildConfiguration;
			buildSettings = {
				ASSETCATALOG_COMPILER_APPICON_NAME = AppIcon;
				ASSETCATALOG_COMPILER_GLOBAL_ACCENT_COLOR_NAME = AccentColor;
				CODE_SIGN_STYLE = Automatic;
				CURRENT_PROJECT_VERSION = 1;
				DEVELOPMENT_ASSET_PATHS = "\"Movies/Preview Content\"";
				ENABLE_PREVIEWS = YES;
				GENERATE_INFOPLIST_FILE = YES;
				INFOPLIST_KEY_UIApplicationSceneManifest_Generation = YES;
				INFOPLIST_KEY_UIApplicationSupportsIndirectInputEvents = YES;
				INFOPLIST_KEY_UILaunchScreen_Generation = YES;
				INFOPLIST_KEY_UISupportedInterfaceOrientations_iPad = "UIInterfaceOrientationPortrait UIInterfaceOrientationPortraitUpsideDown UIInterfaceOrientationLandscapeLeft UIInterfaceOrientationLandscapeRight";
				INFOPLIST_KEY_UISupportedInterfaceOrientations_iPhone = "UIInterfaceOrientationPortrait UIInterfaceOrientationLandscapeLeft UIInterfaceOrientationLandscapeRight";
				LD_RUNPATH_SEARCH_PATHS = (
					"$(inherited)",
					"@executable_path/Frameworks",
				);
				MARKETING_VERSION = 1.0;
				PRODUCT_BUNDLE_IDENTIFIER = com.rodrigogaleano.Movies;
				PRODUCT_NAME = "$(TARGET_NAME)";
				SWIFT_EMIT_LOC_STRINGS = YES;
				SWIFT_VERSION = 5.0;
				TARGETED_DEVICE_FAMILY = "1,2";
			};
			name = Release;
		};
/* End XCBuildConfiguration section */

/* Begin XCConfigurationList section */
		D60FC2932C5C648C002C97BE /* Build configuration list for PBXProject "Movies" */ = {
			isa = XCConfigurationList;
			buildConfigurations = (
				D60FC2A42C5C648E002C97BE /* Debug */,
				D60FC2A52C5C648E002C97BE /* Release */,
			);
			defaultConfigurationIsVisible = 0;
			defaultConfigurationName = Release;
		};
		D60FC2A62C5C648E002C97BE /* Build configuration list for PBXNativeTarget "Movies" */ = {
			isa = XCConfigurationList;
			buildConfigurations = (
				D60FC2A72C5C648E002C97BE /* Debug */,
				D60FC2A82C5C648E002C97BE /* Release */,
			);
			defaultConfigurationIsVisible = 0;
			defaultConfigurationName = Release;
		};
/* End XCConfigurationList section */

/* Begin XCRemoteSwiftPackageReference section */
		D6FF1BA72CCEFB5600778CF5 /* XCRemoteSwiftPackageReference "Moya" */ = {
			isa = XCRemoteSwiftPackageReference;
			repositoryURL = "https://github.com/Moya/Moya";
			requirement = {
				kind = upToNextMajorVersion;
				minimumVersion = 15.0.3;
			};
		};
/* End XCRemoteSwiftPackageReference section */

/* Begin XCSwiftPackageProductDependency section */
		D6FF1BAB2CCEFC8700778CF5 /* Moya */ = {
			isa = XCSwiftPackageProductDependency;
			package = D6FF1BA72CCEFB5600778CF5 /* XCRemoteSwiftPackageReference "Moya" */;
			productName = Moya;
		};
/* End XCSwiftPackageProductDependency section */
	};
	rootObject = D60FC2902C5C648C002C97BE /* Project object */;
}
